
Microsoft Visual Studio Solution File, Format Version 12.00
# Visual Studio Version 16
VisualStudioVersion = 16.0.28803.156
MinimumVisualStudioVersion = 10.0.40219.1
Project("{FAE04EC0-301F-11D3-BF4B-00C04F79EFBC}") = "DbConnExample.Domain", "DbConnExample\DbConnExample.Domain.csproj", "{8A7A42DF-A0AF-481A-A443-AF2A11E13ACB}"
EndProject
Project("{FAE04EC0-301F-11D3-BF4B-00C04F79EFBC}") = "DbConnExample.Test", "DbConnExample.Test\DbConnExample.Test.csproj", "{49CF9159-B251-4A52-B72C-1889711F192B}"
EndProject
Global
	GlobalSection(SolutionConfigurationPlatforms) = preSolution
		Debug|Any CPU = Debug|Any CPU
		Release|Any CPU = Release|Any CPU
	EndGlobalSection
	GlobalSection(ProjectConfigurationPlatforms) = postSolution
		{8A7A42DF-A0AF-481A-A443-AF2A11E13ACB}.Debug|Any CPU.ActiveCfg = Debug|Any CPU
		{8A7A42DF-A0AF-481A-A443-AF2A11E13ACB}.Debug|Any CPU.Build.0 = Debug|Any CPU
		{8A7A42DF-A0AF-481A-A443-AF2A11E13ACB}.Release|Any CPU.ActiveCfg = Release|Any CPU
		{8A7A42DF-A0AF-481A-A443-AF2A11E13ACB}.Release|Any CPU.Build.0 = Release|Any CPU
		{49CF9159-B251-4A52-B72C-1889711F192B}.Debug|Any CPU.ActiveCfg = Debug|Any CPU
		{49CF9159-B251-4A52-B72C-1889711F192B}.Debug|Any CPU.Build.0 = Debug|Any CPU
		{49CF9159-B251-4A52-B72C-1889711F192B}.Release|Any CPU.ActiveCfg = Release|Any CPU
		{49CF9159-B251-4A52-B72C-1889711F192B}.Release|Any CPU.Build.0 = Release|Any CPU
	EndGlobalSection
	GlobalSection(SolutionProperties) = preSolution
		HideSolutionNode = FALSE
	EndGlobalSection
	GlobalSection(ExtensibilityGlobals) = postSolution
		SolutionGuid = {AF7E9ED7-D6E3-4E43-832B-B46571D8FCB0}
	EndGlobalSection
EndGlobal
